// !$*UTF8*$!
{
	archiveVersion = 1;
	classes = {
	};
	objectVersion = 48;
	objects = {

/* Begin PBXBuildFile section */
		1F1266F71FC4080A0088DF50 /* AppDelegate.m in Sources */ = {isa = PBXBuildFile; fileRef = 1F1266F61FC4080A0088DF50 /* AppDelegate.m */; };
		1F1266FA1FC4080A0088DF50 /* ViewController.m in Sources */ = {isa = PBXBuildFile; fileRef = 1F1266F91FC4080A0088DF50 /* ViewController.m */; };
		1F1266FD1FC4080A0088DF50 /* Main.storyboard in Resources */ = {isa = PBXBuildFile; fileRef = 1F1266FB1FC4080A0088DF50 /* Main.storyboard */; };
		1F1266FF1FC4080A0088DF50 /* Assets.xcassets in Resources */ = {isa = PBXBuildFile; fileRef = 1F1266FE1FC4080A0088DF50 /* Assets.xcassets */; };
		1F1267021FC4080A0088DF50 /* LaunchScreen.storyboard in Resources */ = {isa = PBXBuildFile; fileRef = 1F1267001FC4080A0088DF50 /* LaunchScreen.storyboard */; };
		1F1267051FC4080A0088DF50 /* main.m in Sources */ = {isa = PBXBuildFile; fileRef = 1F1267041FC4080A0088DF50 /* main.m */; };
		1F12670F1FC4080A0088DF50 /* ObjC_IOSTests.m in Sources */ = {isa = PBXBuildFile; fileRef = 1F12670E1FC4080A0088DF50 /* ObjC_IOSTests.m */; };
/* End PBXBuildFile section */

/* Begin PBXContainerItemProxy section */
		1F12670B1FC4080A0088DF50 /* PBXContainerItemProxy */ = {
			isa = PBXContainerItemProxy;
			containerPortal = 1F1266EA1FC4080A0088DF50 /* Project object */;
			proxyType = 1;
			remoteGlobalIDString = 1F1266F11FC4080A0088DF50;
			remoteInfo = "ObjC-IOS";
		};
/* End PBXContainerItemProxy section */

/* Begin PBXFileReference section */
		1F1266F21FC4080A0088DF50 /* ObjC-IOS.app */ = {isa = PBXFileReference; explicitFileType = wrapper.application; includeInIndex = 0; path = "ObjC-IOS.app"; sourceTree = BUILT_PRODUCTS_DIR; };
		1F1266F51FC4080A0088DF50 /* AppDelegate.h */ = {isa = PBXFileReference; lastKnownFileType = sourcecode.c.h; path = AppDelegate.h; sourceTree = "<group>"; };
		1F1266F61FC4080A0088DF50 /* AppDelegate.m */ = {isa = PBXFileReference; lastKnownFileType = sourcecode.c.objc; path = AppDelegate.m; sourceTree = "<group>"; };
		1F1266F81FC4080A0088DF50 /* ViewController.h */ = {isa = PBXFileReference; lastKnownFileType = sourcecode.c.h; path = ViewController.h; sourceTree = "<group>"; };
		1F1266F91FC4080A0088DF50 /* ViewController.m */ = {isa = PBXFileReference; lastKnownFileType = sourcecode.c.objc; path = ViewController.m; sourceTree = "<group>"; };
		1F1266FC1FC4080A0088DF50 /* Base */ = {isa = PBXFileReference; lastKnownFileType = file.storyboard; name = Base; path = Base.lproj/Main.storyboard; sourceTree = "<group>"; };
		1F1266FE1FC4080A0088DF50 /* Assets.xcassets */ = {isa = PBXFileReference; lastKnownFileType = folder.assetcatalog; path = Assets.xcassets; sourceTree = "<group>"; };
		1F1267011FC4080A0088DF50 /* Base */ = {isa = PBXFileReference; lastKnownFileType = file.storyboard; name = Base; path = Base.lproj/LaunchScreen.storyboard; sourceTree = "<group>"; };
		1F1267031FC4080A0088DF50 /* Info.plist */ = {isa = PBXFileReference; lastKnownFileType = text.plist.xml; path = Info.plist; sourceTree = "<group>"; };
		1F1267041FC4080A0088DF50 /* main.m */ = {isa = PBXFileReference; lastKnownFileType = sourcecode.c.objc; path = main.m; sourceTree = "<group>"; };
		1F12670A1FC4080A0088DF50 /* ObjC-IOSTests.xctest */ = {isa = PBXFileReference; explicitFileType = wrapper.cfbundle; includeInIndex = 0; path = "ObjC-IOSTests.xctest"; sourceTree = BUILT_PRODUCTS_DIR; };
		1F12670E1FC4080A0088DF50 /* ObjC_IOSTests.m */ = {isa = PBXFileReference; lastKnownFileType = sourcecode.c.objc; path = ObjC_IOSTests.m; sourceTree = "<group>"; };
		1F1267101FC4080A0088DF50 /* Info.plist */ = {isa = PBXFileReference; lastKnownFileType = text.plist.xml; path = Info.plist; sourceTree = "<group>"; };
/* End PBXFileReference section */

/* Begin PBXFrameworksBuildPhase section */
		1F1266EF1FC4080A0088DF50 /* Frameworks */ = {
			isa = PBXFrameworksBuildPhase;
			buildActionMask = 2147483647;
			files = (
			);
			runOnlyForDeploymentPostprocessing = 0;
		};
		1F1267071FC4080A0088DF50 /* Frameworks */ = {
			isa = PBXFrameworksBuildPhase;
			buildActionMask = 2147483647;
			files = (
			);
			runOnlyForDeploymentPostprocessing = 0;
		};
/* End PBXFrameworksBuildPhase section */

/* Begin PBXGroup section */
		1F1266E91FC4080A0088DF50 = {
			isa = PBXGroup;
			children = (
				1F1266F41FC4080A0088DF50 /* ObjC-IOS */,
				1F12670D1FC4080A0088DF50 /* ObjC-IOSTests */,
				1F1266F31FC4080A0088DF50 /* Products */,
			);
			sourceTree = "<group>";
		};
		1F1266F31FC4080A0088DF50 /* Products */ = {
			isa = PBXGroup;
			children = (
				1F1266F21FC4080A0088DF50 /* ObjC-IOS.app */,
				1F12670A1FC4080A0088DF50 /* ObjC-IOSTests.xctest */,
			);
			name = Products;
			sourceTree = "<group>";
		};
		1F1266F41FC4080A0088DF50 /* ObjC-IOS */ = {
			isa = PBXGroup;
			children = (
				1F1266F51FC4080A0088DF50 /* AppDelegate.h */,
				1F1266F61FC4080A0088DF50 /* AppDelegate.m */,
				1F1266F81FC4080A0088DF50 /* ViewController.h */,
				1F1266F91FC4080A0088DF50 /* ViewController.m */,
				1F1266FB1FC4080A0088DF50 /* Main.storyboard */,
				1F1266FE1FC4080A0088DF50 /* Assets.xcassets */,
				1F1267001FC4080A0088DF50 /* LaunchScreen.storyboard */,
				1F1267031FC4080A0088DF50 /* Info.plist */,
				1F1267041FC4080A0088DF50 /* main.m */,
			);
			path = "ObjC-IOS";
			sourceTree = "<group>";
		};
		1F12670D1FC4080A0088DF50 /* ObjC-IOSTests */ = {
			isa = PBXGroup;
			children = (
				1F12670E1FC4080A0088DF50 /* ObjC_IOSTests.m */,
				1F1267101FC4080A0088DF50 /* Info.plist */,
			);
			path = "ObjC-IOSTests";
			sourceTree = "<group>";
		};
/* End PBXGroup section */

/* Begin PBXNativeTarget section */
		1F1266F11FC4080A0088DF50 /* ObjC-IOS */ = {
			isa = PBXNativeTarget;
			buildConfigurationList = 1F1267131FC4080A0088DF50 /* Build configuration list for PBXNativeTarget "ObjC-IOS" */;
			buildPhases = (
				1F1266EE1FC4080A0088DF50 /* Sources */,
				1F1266EF1FC4080A0088DF50 /* Frameworks */,
				1F1266F01FC4080A0088DF50 /* Resources */,
			);
			buildRules = (
			);
			dependencies = (
			);
			name = "ObjC-IOS";
			productName = "ObjC-IOS";
			productReference = 1F1266F21FC4080A0088DF50 /* ObjC-IOS.app */;
			productType = "com.apple.product-type.application";
		};
		1F1267091FC4080A0088DF50 /* ObjC-IOSTests */ = {
			isa = PBXNativeTarget;
			buildConfigurationList = 1F1267161FC4080A0088DF50 /* Build configuration list for PBXNativeTarget "ObjC-IOSTests" */;
			buildPhases = (
				1F1267061FC4080A0088DF50 /* Sources */,
				1F1267071FC4080A0088DF50 /* Frameworks */,
				1F1267081FC4080A0088DF50 /* Resources */,
			);
			buildRules = (
			);
			dependencies = (
				1F12670C1FC4080A0088DF50 /* PBXTargetDependency */,
			);
			name = "ObjC-IOSTests";
			productName = "ObjC-IOSTests";
			productReference = 1F12670A1FC4080A0088DF50 /* ObjC-IOSTests.xctest */;
			productType = "com.apple.product-type.bundle.unit-test";
		};
/* End PBXNativeTarget section */

/* Begin PBXProject section */
		1F1266EA1FC4080A0088DF50 /* Project object */ = {
			isa = PBXProject;
			attributes = {
				LastUpgradeCheck = 0900;
				ORGANIZATIONNAME = Travis;
				TargetAttributes = {
					1F1266F11FC4080A0088DF50 = {
						CreatedOnToolsVersion = 9.0;
						ProvisioningStyle = Manual;
					};
					1F1267091FC4080A0088DF50 = {
						CreatedOnToolsVersion = 9.0;
						ProvisioningStyle = Automatic;
						TestTargetID = 1F1266F11FC4080A0088DF50;
					};
				};
			};
			buildConfigurationList = 1F1266ED1FC4080A0088DF50 /* Build configuration list for PBXProject "ObjC-IOS" */;
			compatibilityVersion = "Xcode 8.0";
			developmentRegion = en;
			hasScannedForEncodings = 0;
			knownRegions = (
				en,
				Base,
			);
			mainGroup = 1F1266E91FC4080A0088DF50;
			productRefGroup = 1F1266F31FC4080A0088DF50 /* Products */;
			projectDirPath = "";
			projectRoot = "";
			targets = (
				1F1266F11FC4080A0088DF50 /* ObjC-IOS */,
				1F1267091FC4080A0088DF50 /* ObjC-IOSTests */,
			);
		};
/* End PBXProject section */

/* Begin PBXResourcesBuildPhase section */
		1F1266F01FC4080A0088DF50 /* Resources */ = {
			isa = PBXResourcesBuildPhase;
			buildActionMask = 2147483647;
			files = (
				1F1267021FC4080A0088DF50 /* LaunchScreen.storyboard in Resources */,
				1F1266FF1FC4080A0088DF50 /* Assets.xcassets in Resources */,
				1F1266FD1FC4080A0088DF50 /* Main.storyboard in Resources */,
			);
			runOnlyForDeploymentPostprocessing = 0;
		};
		1F1267081FC4080A0088DF50 /* Resources */ = {
			isa = PBXResourcesBuildPhase;
			buildActionMask = 2147483647;
			files = (
			);
			runOnlyForDeploymentPostprocessing = 0;
		};
/* End PBXResourcesBuildPhase section */

/* Begin PBXSourcesBuildPhase section */
		1F1266EE1FC4080A0088DF50 /* Sources */ = {
			isa = PBXSourcesBuildPhase;
			buildActionMask = 2147483647;
			files = (
				1F1266FA1FC4080A0088DF50 /* ViewController.m in Sources */,
				1F1267051FC4080A0088DF50 /* main.m in Sources */,
				1F1266F71FC4080A0088DF50 /* AppDelegate.m in Sources */,
			);
			runOnlyForDeploymentPostprocessing = 0;
		};
		1F1267061FC4080A0088DF50 /* Sources */ = {
			isa = PBXSourcesBuildPhase;
			buildActionMask = 2147483647;
			files = (
				1F12670F1FC4080A0088DF50 /* ObjC_IOSTests.m in Sources */,
			);
			runOnlyForDeploymentPostprocessing = 0;
		};
/* End PBXSourcesBuildPhase section */

/* Begin PBXTargetDependency section */
		1F12670C1FC4080A0088DF50 /* PBXTargetDependency */ = {
			isa = PBXTargetDependency;
			target = 1F1266F11FC4080A0088DF50 /* ObjC-IOS */;
			targetProxy = 1F12670B1FC4080A0088DF50 /* PBXContainerItemProxy */;
		};
/* End PBXTargetDependency section */

/* Begin PBXVariantGroup section */
		1F1266FB1FC4080A0088DF50 /* Main.storyboard */ = {
			isa = PBXVariantGroup;
			children = (
				1F1266FC1FC4080A0088DF50 /* Base */,
			);
			name = Main.storyboard;
			sourceTree = "<group>";
		};
		1F1267001FC4080A0088DF50 /* LaunchScreen.storyboard */ = {
			isa = PBXVariantGroup;
			children = (
				1F1267011FC4080A0088DF50 /* Base */,
			);
			name = LaunchScreen.storyboard;
			sourceTree = "<group>";
		};
/* End PBXVariantGroup section */

/* Begin XCBuildConfiguration section */
		1F1267111FC4080A0088DF50 /* Debug */ = {
			isa = XCBuildConfiguration;
			buildSettings = {
				ALWAYS_SEARCH_USER_PATHS = NO;
				CLANG_ANALYZER_NONNULL = YES;
				CLANG_ANALYZER_NUMBER_OBJECT_CONVERSION = YES_AGGRESSIVE;
				CLANG_CXX_LANGUAGE_STANDARD = "gnu++14";
				CLANG_CXX_LIBRARY = "libc++";
				CLANG_ENABLE_MODULES = YES;
				CLANG_ENABLE_OBJC_ARC = YES;
				CLANG_WARN_BLOCK_CAPTURE_AUTORELEASING = YES;
				CLANG_WARN_BOOL_CONVERSION = YES;
				CLANG_WARN_COMMA = YES;
				CLANG_WARN_CONSTANT_CONVERSION = YES;
				CLANG_WARN_DIRECT_OBJC_ISA_USAGE = YES_ERROR;
				CLANG_WARN_DOCUMENTATION_COMMENTS = YES;
				CLANG_WARN_EMPTY_BODY = YES;
				CLANG_WARN_ENUM_CONVERSION = YES;
				CLANG_WARN_INFINITE_RECURSION = YES;
				CLANG_WARN_INT_CONVERSION = YES;
				CLANG_WARN_NON_LITERAL_NULL_CONVERSION = YES;
				CLANG_WARN_OBJC_LITERAL_CONVERSION = YES;
				CLANG_WARN_OBJC_ROOT_CLASS = YES_ERROR;
				CLANG_WARN_RANGE_LOOP_ANALYSIS = YES;
				CLANG_WARN_STRICT_PROTOTYPES = YES;
				CLANG_WARN_SUSPICIOUS_MOVE = YES;
				CLANG_WARN_UNGUARDED_AVAILABILITY = YES_AGGRESSIVE;
				CLANG_WARN_UNREACHABLE_CODE = YES;
				CLANG_WARN__DUPLICATE_METHOD_MATCH = YES;
				CODE_SIGN_IDENTITY = "iPhone Developer";
				COPY_PHASE_STRIP = NO;
				DEBUG_INFORMATION_FORMAT = dwarf;
				ENABLE_STRICT_OBJC_MSGSEND = YES;
				ENABLE_TESTABILITY = YES;
				GCC_C_LANGUAGE_STANDARD = gnu11;
				GCC_DYNAMIC_NO_PIC = NO;
				GCC_NO_COMMON_BLOCKS = YES;
				GCC_OPTIMIZATION_LEVEL = 0;
				GCC_PREPROCESSOR_DEFINITIONS = (
					"DEBUG=1",
					"$(inherited)",
				);
				GCC_WARN_64_TO_32_BIT_CONVERSION = YES;
				GCC_WARN_ABOUT_RETURN_TYPE = YES_ERROR;
				GCC_WARN_UNDECLARED_SELECTOR = YES;
				GCC_WARN_UNINITIALIZED_AUTOS = YES_AGGRESSIVE;
				GCC_WARN_UNUSED_FUNCTION = YES;
				GCC_WARN_UNUSED_VARIABLE = YES;
				IPHONEOS_DEPLOYMENT_TARGET = 11.0;
				MTL_ENABLE_DEBUG_INFO = YES;
				ONLY_ACTIVE_ARCH = YES;
				SDKROOT = iphoneos;
			};
			name = Debug;
		};
		1F1267121FC4080A0088DF50 /* Release */ = {
			isa = XCBuildConfiguration;
			buildSettings = {
				ALWAYS_SEARCH_USER_PATHS = NO;
				CLANG_ANALYZER_NONNULL = YES;
				CLANG_ANALYZER_NUMBER_OBJECT_CONVERSION = YES_AGGRESSIVE;
				CLANG_CXX_LANGUAGE_STANDARD = "gnu++14";
				CLANG_CXX_LIBRARY = "libc++";
				CLANG_ENABLE_MODULES = YES;
				CLANG_ENABLE_OBJC_ARC = YES;
				CLANG_WARN_BLOCK_CAPTURE_AUTORELEASING = YES;
				CLANG_WARN_BOOL_CONVERSION = YES;
				CLANG_WARN_COMMA = YES;
				CLANG_WARN_CONSTANT_CONVERSION = YES;
				CLANG_WARN_DIRECT_OBJC_ISA_USAGE = YES_ERROR;
				CLANG_WARN_DOCUMENTATION_COMMENTS = YES;
				CLANG_WARN_EMPTY_BODY = YES;
				CLANG_WARN_ENUM_CONVERSION = YES;
				CLANG_WARN_INFINITE_RECURSION = YES;
				CLANG_WARN_INT_CONVERSION = YES;
				CLANG_WARN_NON_LITERAL_NULL_CONVERSION = YES;
				CLANG_WARN_OBJC_LITERAL_CONVERSION = YES;
				CLANG_WARN_OBJC_ROOT_CLASS = YES_ERROR;
				CLANG_WARN_RANGE_LOOP_ANALYSIS = YES;
				CLANG_WARN_STRICT_PROTOTYPES = YES;
				CLANG_WARN_SUSPICIOUS_MOVE = YES;
				CLANG_WARN_UNGUARDED_AVAILABILITY = YES_AGGRESSIVE;
				CLANG_WARN_UNREACHABLE_CODE = YES;
				CLANG_WARN__DUPLICATE_METHOD_MATCH = YES;
				CODE_SIGN_IDENTITY = "iPhone Developer";
				COPY_PHASE_STRIP = NO;
				DEBUG_INFORMATION_FORMAT = "dwarf-with-dsym";
				ENABLE_NS_ASSERTIONS = NO;
				ENABLE_STRICT_OBJC_MSGSEND = YES;
				GCC_C_LANGUAGE_STANDARD = gnu11;
				GCC_NO_COMMON_BLOCKS = YES;
				GCC_WARN_64_TO_32_BIT_CONVERSION = YES;
				GCC_WARN_ABOUT_RETURN_TYPE = YES_ERROR;
				GCC_WARN_UNDECLARED_SELECTOR = YES;
				GCC_WARN_UNINITIALIZED_AUTOS = YES_AGGRESSIVE;
				GCC_WARN_UNUSED_FUNCTION = YES;
				GCC_WARN_UNUSED_VARIABLE = YES;
				IPHONEOS_DEPLOYMENT_TARGET = 11.0;
				MTL_ENABLE_DEBUG_INFO = NO;
				SDKROOT = iphoneos;
				VALIDATE_PRODUCT = YES;
			};
			name = Release;
		};
		1F1267141FC4080A0088DF50 /* Debug */ = {
			isa = XCBuildConfiguration;
			buildSettings = {
				ASSETCATALOG_COMPILER_APPICON_NAME = AppIcon;
				CODE_SIGN_IDENTITY = "iPhone Distribution: Tata Consultancy Services Limited";
				"CODE_SIGN_IDENTITY[sdk=iphoneos*]" = "iPhone Distribution: Tata Consultancy Services Limited";
				CODE_SIGN_STYLE = Manual;
				INFOPLIST_FILE = "ObjC-IOS/Info.plist";
				LD_RUNPATH_SEARCH_PATHS = "$(inherited) @executable_path/Frameworks";
				PRODUCT_BUNDLE_IDENTIFIER = com.tcs.mobility.objc;
				PRODUCT_NAME = "$(TARGET_NAME)";
				PROVISIONING_PROFILE = "f843b8c0-b6a9-4d9f-8191-cf6abb46a22d";
				PROVISIONING_PROFILE_SPECIFIER = "TCS Distribution Profile 16To17";
				TARGETED_DEVICE_FAMILY = "1,2";
			};
			name = Debug;
		};
		1F1267151FC4080A0088DF50 /* Release */ = {
			isa = XCBuildConfiguration;
			buildSettings = {
				ASSETCATALOG_COMPILER_APPICON_NAME = AppIcon;
				CODE_SIGN_IDENTITY = "iPhone Distribution: Tata Consultancy Services Limited";
				"CODE_SIGN_IDENTITY[sdk=iphoneos*]" = "iPhone Distribution: Tata Consultancy Services Limited";
				CODE_SIGN_STYLE = Manual;
				INFOPLIST_FILE = "ObjC-IOS/Info.plist";
				LD_RUNPATH_SEARCH_PATHS = "$(inherited) @executable_path/Frameworks";
				PRODUCT_BUNDLE_IDENTIFIER = com.tcs.mobility.objc;
				PRODUCT_NAME = "$(TARGET_NAME)";
				PROVISIONING_PROFILE = "f843b8c0-b6a9-4d9f-8191-cf6abb46a22d";
				PROVISIONING_PROFILE_SPECIFIER = "TCS Distribution Profile 16To17";
				TARGETED_DEVICE_FAMILY = "1,2";
			};
			name = Release;
		};
		1F1267171FC4080A0088DF50 /* Debug */ = {
			isa = XCBuildConfiguration;
			buildSettings = {
				BUNDLE_LOADER = "$(TEST_HOST)";
				CODE_SIGN_STYLE = Automatic;
				INFOPLIST_FILE = "ObjC-IOSTests/Info.plist";
				LD_RUNPATH_SEARCH_PATHS = "$(inherited) @executable_path/Frameworks @loader_path/Frameworks";
				PRODUCT_BUNDLE_IDENTIFIER = "TestCI.ObjC-IOSTests";
				PRODUCT_NAME = "$(TARGET_NAME)";
				TARGETED_DEVICE_FAMILY = "1,2";
				TEST_HOST = "$(BUILT_PRODUCTS_DIR)/ObjC-IOS.app/ObjC-IOS";
			};
			name = Debug;
		};
		1F1267181FC4080A0088DF50 /* Release */ = {
			isa = XCBuildConfiguration;
			buildSettings = {
				BUNDLE_LOADER = "$(TEST_HOST)";
				CODE_SIGN_STYLE = Automatic;
				INFOPLIST_FILE = "ObjC-IOSTests/Info.plist";
				LD_RUNPATH_SEARCH_PATHS = "$(inherited) @executable_path/Frameworks @loader_path/Frameworks";
				PRODUCT_BUNDLE_IDENTIFIER = "TestCI.ObjC-IOSTests";
				PRODUCT_NAME = "$(TARGET_NAME)";
				TARGETED_DEVICE_FAMILY = "1,2";
				TEST_HOST = "$(BUILT_PRODUCTS_DIR)/ObjC-IOS.app/ObjC-IOS";
			};
			name = Release;
		};
/* End XCBuildConfiguration section */

/* Begin XCConfigurationList section */
		1F1266ED1FC4080A0088DF50 /* Build configuration list for PBXProject "ObjC-IOS" */ = {
			isa = XCConfigurationList;
			buildConfigurations = (
				1F1267111FC4080A0088DF50 /* Debug */,
				1F1267121FC4080A0088DF50 /* Release */,
			);
			defaultConfigurationIsVisible = 0;
			defaultConfigurationName = Release;
		};
		1F1267131FC4080A0088DF50 /* Build configuration list for PBXNativeTarget "ObjC-IOS" */ = {
			isa = XCConfigurationList;
			buildConfigurations = (
				1F1267141FC4080A0088DF50 /* Debug */,
				1F1267151FC4080A0088DF50 /* Release */,
			);
			defaultConfigurationIsVisible = 0;
			defaultConfigurationName = Release;
		};
		1F1267161FC4080A0088DF50 /* Build configuration list for PBXNativeTarget "ObjC-IOSTests" */ = {
			isa = XCConfigurationList;
			buildConfigurations = (
				1F1267171FC4080A0088DF50 /* Debug */,
				1F1267181FC4080A0088DF50 /* Release */,
			);
			defaultConfigurationIsVisible = 0;
			defaultConfigurationName = Release;
		};
/* End XCConfigurationList section */
	};
	rootObject = 1F1266EA1FC4080A0088DF50 /* Project object */;
}
